
Microsoft Visual Studio Solution File, Format Version 12.00
# Visual Studio Version 16
VisualStudioVersion = 16.0.29926.136
MinimumVisualStudioVersion = 10.0.40219.1
Project("{FAE04EC0-301F-11D3-BF4B-00C04F79EFBC}") = "Blazor Checkers.Server", "Blazor Checkers\Server\Blazor Checkers.Server.csproj", "{2816D9D1-93EE-4D6D-AA74-FDC202C00841}"
EndProject
Project("{FAE04EC0-301F-11D3-BF4B-00C04F79EFBC}") = "Blazor Checkers.Client", "Blazor Checkers\Client\Blazor Checkers.Client.csproj", "{D48F6524-63FE-462B-8F4C-D3B4F6759584}"
EndProject
Project("{FAE04EC0-301F-11D3-BF4B-00C04F79EFBC}") = "Blazor Checkers.Shared", "Blazor Checkers\Shared\Blazor Checkers.Shared.csproj", "{616D1845-10D6-4C1E-9E16-7459D9AA9BF9}"
EndProject
Global
	GlobalSection(SolutionConfigurationPlatforms) = preSolution
		Debug|Any CPU = Debug|Any CPU
		Release|Any CPU = Release|Any CPU
	EndGlobalSection
	GlobalSection(ProjectConfigurationPlatforms) = postSolution
		{2816D9D1-93EE-4D6D-AA74-FDC202C00841}.Debug|Any CPU.ActiveCfg = Debug|Any CPU
		{2816D9D1-93EE-4D6D-AA74-FDC202C00841}.Debug|Any CPU.Build.0 = Debug|Any CPU
		{2816D9D1-93EE-4D6D-AA74-FDC202C00841}.Release|Any CPU.ActiveCfg = Release|Any CPU
		{2816D9D1-93EE-4D6D-AA74-FDC202C00841}.Release|Any CPU.Build.0 = Release|Any CPU
		{D48F6524-63FE-462B-8F4C-D3B4F6759584}.Debug|Any CPU.ActiveCfg = Debug|Any CPU
		{D48F6524-63FE-462B-8F4C-D3B4F6759584}.Debug|Any CPU.Build.0 = Debug|Any CPU
		{D48F6524-63FE-462B-8F4C-D3B4F6759584}.Release|Any CPU.ActiveCfg = Release|Any CPU
		{D48F6524-63FE-462B-8F4C-D3B4F6759584}.Release|Any CPU.Build.0 = Release|Any CPU
		{616D1845-10D6-4C1E-9E16-7459D9AA9BF9}.Debug|Any CPU.ActiveCfg = Debug|Any CPU
		{616D1845-10D6-4C1E-9E16-7459D9AA9BF9}.Debug|Any CPU.Build.0 = Debug|Any CPU
		{616D1845-10D6-4C1E-9E16-7459D9AA9BF9}.Release|Any CPU.ActiveCfg = Release|Any CPU
		{616D1845-10D6-4C1E-9E16-7459D9AA9BF9}.Release|Any CPU.Build.0 = Release|Any CPU
	EndGlobalSection
	GlobalSection(SolutionProperties) = preSolution
		HideSolutionNode = FALSE
	EndGlobalSection
	GlobalSection(ExtensibilityGlobals) = postSolution
		SolutionGuid = {C89A6FBA-171F-4860-9AB8-E370B5540222}
	EndGlobalSection
EndGlobal
